Microsoft Visual Studio Solution File, Format Version 12.00
# Visual Studio 15
VisualStudioVersion = 15.0.26430.16
MinimumVisualStudioVersion = 10.0.40219.1
Project("{FAE04EC0-301F-11D3-BF4B-00C04F79EFBC}") = "CaseProcessor.Business", "CaseProcessor.BusinessLayer\CaseProcessor.Business.csproj", "{FBE3228B-333F-41D3-ADDD-B8AFBE8DF2C8}"
EndProject
Project("{FAE04EC0-301F-11D3-BF4B-00C04F79EFBC}") = "CaseProcessor.DataAccess", "CaseProcessor.DataAccess\CaseProcessor.DataAccess.csproj", "{D99C3574-C834-4F13-B2A4-6CB1F71E3FCB}"
EndProject
Project("{FAE04EC0-301F-11D3-BF4B-00C04F79EFBC}") = "CaseProcessor.DataAccess.Tests", "CaseProcessor.DataAccess.Tests\CaseProcessor.DataAccess.Tests.csproj", "{0F2F085E-723D-41D2-808E-A5DFCC45D390}"
EndProject
Project("{FAE04EC0-301F-11D3-BF4B-00C04F79EFBC}") = "CaseProcessor.Business.Tests", "CaseProcessor.Business.Tests\CaseProcessor.Business.Tests.csproj", "{4FAEA3D7-7F79-4769-95E8-5F420EDF1F82}"
EndProject
Project("{FAE04EC0-301F-11D3-BF4B-00C04F79EFBC}") = "CaseProcessor.Website", "CaseProcessor.Website\CaseProcessor.Website.csproj", "{C571F5ED-3080-4556-AF00-89216AC4EED5}"
EndProject
Project("{FAE04EC0-301F-11D3-BF4B-00C04F79EFBC}") = "CaseProcessor.Website.Tests", "CaseProcessor.Website.Tests\CaseProcessor.Website.Tests.csproj", "{F988D270-CCA5-46B1-9CF8-62161F68BA37}"
EndProject
<<<<<<< HEAD
=======
Project("{FAE04EC0-301F-11D3-BF4B-00C04F79EFBC}") = "CaseProcesser", "..\..\..\..\..\..\AMTools\CaseProcesser\CaseProcesser\CaseProcesser.csproj", "{ECBD916E-13D5-470C-8778-4B9538F559FE}"
EndProject
Project("{FAE04EC0-301F-11D3-BF4B-00C04F79EFBC}") = "CaseProcessor.Sync", "CaseProcessor.Sync\CaseProcessor.Sync.csproj", "{BF5F20FF-7754-4456-A2A1-10C88D467667}"
EndProject
>>>>>>> 442fcb3f984b53c326dab43de5d243f370da4d4b
Global
	GlobalSection(SolutionConfigurationPlatforms) = preSolution
		Debug|Any CPU = Debug|Any CPU
		Release|Any CPU = Release|Any CPU
	EndGlobalSection
	GlobalSection(ProjectConfigurationPlatforms) = postSolution
		{FBE3228B-333F-41D3-ADDD-B8AFBE8DF2C8}.Debug|Any CPU.ActiveCfg = Debug|Any CPU
		{FBE3228B-333F-41D3-ADDD-B8AFBE8DF2C8}.Debug|Any CPU.Build.0 = Debug|Any CPU
		{FBE3228B-333F-41D3-ADDD-B8AFBE8DF2C8}.Release|Any CPU.ActiveCfg = Release|Any CPU
		{FBE3228B-333F-41D3-ADDD-B8AFBE8DF2C8}.Release|Any CPU.Build.0 = Release|Any CPU
		{D99C3574-C834-4F13-B2A4-6CB1F71E3FCB}.Debug|Any CPU.ActiveCfg = Debug|Any CPU
		{D99C3574-C834-4F13-B2A4-6CB1F71E3FCB}.Debug|Any CPU.Build.0 = Debug|Any CPU
		{D99C3574-C834-4F13-B2A4-6CB1F71E3FCB}.Release|Any CPU.ActiveCfg = Release|Any CPU
		{D99C3574-C834-4F13-B2A4-6CB1F71E3FCB}.Release|Any CPU.Build.0 = Release|Any CPU
		{0F2F085E-723D-41D2-808E-A5DFCC45D390}.Debug|Any CPU.ActiveCfg = Debug|Any CPU
		{0F2F085E-723D-41D2-808E-A5DFCC45D390}.Debug|Any CPU.Build.0 = Debug|Any CPU
		{0F2F085E-723D-41D2-808E-A5DFCC45D390}.Release|Any CPU.ActiveCfg = Release|Any CPU
		{0F2F085E-723D-41D2-808E-A5DFCC45D390}.Release|Any CPU.Build.0 = Release|Any CPU
		{4FAEA3D7-7F79-4769-95E8-5F420EDF1F82}.Debug|Any CPU.ActiveCfg = Debug|Any CPU
		{4FAEA3D7-7F79-4769-95E8-5F420EDF1F82}.Debug|Any CPU.Build.0 = Debug|Any CPU
		{4FAEA3D7-7F79-4769-95E8-5F420EDF1F82}.Release|Any CPU.ActiveCfg = Release|Any CPU
		{4FAEA3D7-7F79-4769-95E8-5F420EDF1F82}.Release|Any CPU.Build.0 = Release|Any CPU
		{C571F5ED-3080-4556-AF00-89216AC4EED5}.Debug|Any CPU.ActiveCfg = Debug|Any CPU
		{C571F5ED-3080-4556-AF00-89216AC4EED5}.Debug|Any CPU.Build.0 = Debug|Any CPU
		{C571F5ED-3080-4556-AF00-89216AC4EED5}.Release|Any CPU.ActiveCfg = Release|Any CPU
		{C571F5ED-3080-4556-AF00-89216AC4EED5}.Release|Any CPU.Build.0 = Release|Any CPU
		{F988D270-CCA5-46B1-9CF8-62161F68BA37}.Debug|Any CPU.ActiveCfg = Debug|Any CPU
		{F988D270-CCA5-46B1-9CF8-62161F68BA37}.Debug|Any CPU.Build.0 = Debug|Any CPU
		{F988D270-CCA5-46B1-9CF8-62161F68BA37}.Release|Any CPU.ActiveCfg = Release|Any CPU
		{F988D270-CCA5-46B1-9CF8-62161F68BA37}.Release|Any CPU.Build.0 = Release|Any CPU
<<<<<<< HEAD
=======
		{ECBD916E-13D5-470C-8778-4B9538F559FE}.Debug|Any CPU.ActiveCfg = Debug|Any CPU
		{ECBD916E-13D5-470C-8778-4B9538F559FE}.Debug|Any CPU.Build.0 = Debug|Any CPU
		{ECBD916E-13D5-470C-8778-4B9538F559FE}.Release|Any CPU.ActiveCfg = Release|Any CPU
		{ECBD916E-13D5-470C-8778-4B9538F559FE}.Release|Any CPU.Build.0 = Release|Any CPU
		{BF5F20FF-7754-4456-A2A1-10C88D467667}.Debug|Any CPU.ActiveCfg = Debug|Any CPU
		{BF5F20FF-7754-4456-A2A1-10C88D467667}.Debug|Any CPU.Build.0 = Debug|Any CPU
		{BF5F20FF-7754-4456-A2A1-10C88D467667}.Release|Any CPU.ActiveCfg = Release|Any CPU
		{BF5F20FF-7754-4456-A2A1-10C88D467667}.Release|Any CPU.Build.0 = Release|Any CPU
>>>>>>> 442fcb3f984b53c326dab43de5d243f370da4d4b
	EndGlobalSection
	GlobalSection(SolutionProperties) = preSolution
		HideSolutionNode = FALSE
	EndGlobalSection
EndGlobal
